// !$*UTF8*$!
{
	archiveVersion = 1;
	classes = {
	};
	objectVersion = 56;
	objects = {

/* Begin PBXBuildFile section */
		9509AE582B30DAD7007AAD00 /* ProgressHUD in Frameworks */ = {isa = PBXBuildFile; productRef = 9509AE572B30DAD7007AAD00 /* ProgressHUD */; };
		9509AE5A2B30EF2B007AAD00 /* UIBlockingProgressHUD.swift in Sources */ = {isa = PBXBuildFile; fileRef = 9509AE592B30EF2B007AAD00 /* UIBlockingProgressHUD.swift */; };
		9509AE5C2B30F0CF007AAD00 /* ProfileService.swift in Sources */ = {isa = PBXBuildFile; fileRef = 9509AE5B2B30F0CF007AAD00 /* ProfileService.swift */; };
		9509AE5E2B310316007AAD00 /* ProfileImageService.swift in Sources */ = {isa = PBXBuildFile; fileRef = 9509AE5D2B310316007AAD00 /* ProfileImageService.swift */; };
		9509AE602B3115B6007AAD00 /* AlertPresenter.swift in Sources */ = {isa = PBXBuildFile; fileRef = 9509AE5F2B3115B6007AAD00 /* AlertPresenter.swift */; };
		9509AE632B312BF7007AAD00 /* Kingfisher in Frameworks */ = {isa = PBXBuildFile; productRef = 9509AE622B312BF7007AAD00 /* Kingfisher */; };
		9509AE662B3135A5007AAD00 /* SwiftKeychainWrapper in Frameworks */ = {isa = PBXBuildFile; productRef = 9509AE652B3135A5007AAD00 /* SwiftKeychainWrapper */; };
		952513CE2B2BB59900FDDF9F /* Constants.swift in Sources */ = {isa = PBXBuildFile; fileRef = 952513CD2B2BB59900FDDF9F /* Constants.swift */; };
		952513D02B2BBEAA00FDDF9F /* AuthViewController.swift in Sources */ = {isa = PBXBuildFile; fileRef = 952513CF2B2BBEAA00FDDF9F /* AuthViewController.swift */; };
		952513D32B2BC12400FDDF9F /* WebViewViewController.swift in Sources */ = {isa = PBXBuildFile; fileRef = 952513D22B2BC12400FDDF9F /* WebViewViewController.swift */; };
		952513D52B2BDD4100FDDF9F /* OAuth2Service.swift in Sources */ = {isa = PBXBuildFile; fileRef = 952513D42B2BDD4100FDDF9F /* OAuth2Service.swift */; };
		952513D82B2BE23000FDDF9F /* SplashViewController.swift in Sources */ = {isa = PBXBuildFile; fileRef = 952513D72B2BE23000FDDF9F /* SplashViewController.swift */; };
		952513DA2B2BE3D800FDDF9F /* OAuth2TokenStorage.swift in Sources */ = {isa = PBXBuildFile; fileRef = 952513D92B2BE3D800FDDF9F /* OAuth2TokenStorage.swift */; };
		952513DC2B2BEE5800FDDF9F /* OAuthTokenResponseBody.swift in Sources */ = {isa = PBXBuildFile; fileRef = 952513DB2B2BEE5800FDDF9F /* OAuthTokenResponseBody.swift */; };
		95740BF62AE2CBCC00716D64 /* AppDelegate.swift in Sources */ = {isa = PBXBuildFile; fileRef = 95740BF52AE2CBCC00716D64 /* AppDelegate.swift */; };
		95740BF82AE2CBCC00716D64 /* SceneDelegate.swift in Sources */ = {isa = PBXBuildFile; fileRef = 95740BF72AE2CBCC00716D64 /* SceneDelegate.swift */; };
		95740BFA2AE2CBCC00716D64 /* ImagesListViewController.swift in Sources */ = {isa = PBXBuildFile; fileRef = 95740BF92AE2CBCC00716D64 /* ImagesListViewController.swift */; };
		95740BFD2AE2CBCC00716D64 /* Main.storyboard in Resources */ = {isa = PBXBuildFile; fileRef = 95740BFB2AE2CBCC00716D64 /* Main.storyboard */; };
		95740BFF2AE2CBD300716D64 /* Assets.xcassets in Resources */ = {isa = PBXBuildFile; fileRef = 95740BFE2AE2CBD300716D64 /* Assets.xcassets */; };
		95740C022AE2CBD300716D64 /* LaunchScreen.storyboard in Resources */ = {isa = PBXBuildFile; fileRef = 95740C002AE2CBD300716D64 /* LaunchScreen.storyboard */; };
		95754B8C2B25A14300406056 /* SingleImageViewController.swift in Sources */ = {isa = PBXBuildFile; fileRef = 95754B8B2B25A14300406056 /* SingleImageViewController.swift */; };
		957683822B1E2AB4000729C6 /* ProfileViewController.swift in Sources */ = {isa = PBXBuildFile; fileRef = 957683812B1E2AB4000729C6 /* ProfileViewController.swift */; };
		9581DCF02B1B85EA0050B1D5 /* ImagesListCell.swift in Sources */ = {isa = PBXBuildFile; fileRef = 9581DCEF2B1B85EA0050B1D5 /* ImagesListCell.swift */; };
		958210E42B3712A500101960 /* ImagesListService.swift in Sources */ = {isa = PBXBuildFile; fileRef = 958210E32B3712A500101960 /* ImagesListService.swift */; };
		958210EC2B3720C800101960 /* ImagesListServiceTests.swift in Sources */ = {isa = PBXBuildFile; fileRef = 958210EB2B3720C800101960 /* ImagesListServiceTests.swift */; };
/* End PBXBuildFile section */

/* Begin PBXContainerItemProxy section */
		958210ED2B3720C800101960 /* PBXContainerItemProxy */ = {
			isa = PBXContainerItemProxy;
			containerPortal = 95740BEA2AE2CBCB00716D64 /* Project object */;
			proxyType = 1;
			remoteGlobalIDString = 95740BF12AE2CBCB00716D64;
			remoteInfo = image_feed;
		};
/* End PBXContainerItemProxy section */

/* Begin PBXFileReference section */
		9509AE592B30EF2B007AAD00 /* UIBlockingProgressHUD.swift */ = {isa = PBXFileReference; lastKnownFileType = sourcecode.swift; path = UIBlockingProgressHUD.swift; sourceTree = "<group>"; };
		9509AE5B2B30F0CF007AAD00 /* ProfileService.swift */ = {isa = PBXFileReference; lastKnownFileType = sourcecode.swift; path = ProfileService.swift; sourceTree = "<group>"; };
		9509AE5D2B310316007AAD00 /* ProfileImageService.swift */ = {isa = PBXFileReference; lastKnownFileType = sourcecode.swift; path = ProfileImageService.swift; sourceTree = "<group>"; };
		9509AE5F2B3115B6007AAD00 /* AlertPresenter.swift */ = {isa = PBXFileReference; lastKnownFileType = sourcecode.swift; path = AlertPresenter.swift; sourceTree = "<group>"; };
		952513CD2B2BB59900FDDF9F /* Constants.swift */ = {isa = PBXFileReference; lastKnownFileType = sourcecode.swift; path = Constants.swift; sourceTree = "<group>"; };
		952513CF2B2BBEAA00FDDF9F /* AuthViewController.swift */ = {isa = PBXFileReference; lastKnownFileType = sourcecode.swift; path = AuthViewController.swift; sourceTree = "<group>"; };
		952513D22B2BC12400FDDF9F /* WebViewViewController.swift */ = {isa = PBXFileReference; lastKnownFileType = sourcecode.swift; path = WebViewViewController.swift; sourceTree = "<group>"; };
		952513D42B2BDD4100FDDF9F /* OAuth2Service.swift */ = {isa = PBXFileReference; lastKnownFileType = sourcecode.swift; path = OAuth2Service.swift; sourceTree = "<group>"; };
		952513D72B2BE23000FDDF9F /* SplashViewController.swift */ = {isa = PBXFileReference; lastKnownFileType = sourcecode.swift; path = SplashViewController.swift; sourceTree = "<group>"; };
		952513D92B2BE3D800FDDF9F /* OAuth2TokenStorage.swift */ = {isa = PBXFileReference; lastKnownFileType = sourcecode.swift; path = OAuth2TokenStorage.swift; sourceTree = "<group>"; };
		952513DB2B2BEE5800FDDF9F /* OAuthTokenResponseBody.swift */ = {isa = PBXFileReference; lastKnownFileType = sourcecode.swift; path = OAuthTokenResponseBody.swift; sourceTree = "<group>"; };
		95740BF22AE2CBCC00716D64 /* image_feed.app */ = {isa = PBXFileReference; explicitFileType = wrapper.application; includeInIndex = 0; path = image_feed.app; sourceTree = BUILT_PRODUCTS_DIR; };
		95740BF52AE2CBCC00716D64 /* AppDelegate.swift */ = {isa = PBXFileReference; lastKnownFileType = sourcecode.swift; path = AppDelegate.swift; sourceTree = "<group>"; };
		95740BF72AE2CBCC00716D64 /* SceneDelegate.swift */ = {isa = PBXFileReference; lastKnownFileType = sourcecode.swift; path = SceneDelegate.swift; sourceTree = "<group>"; };
		95740BF92AE2CBCC00716D64 /* ImagesListViewController.swift */ = {isa = PBXFileReference; lastKnownFileType = sourcecode.swift; path = ImagesListViewController.swift; sourceTree = "<group>"; };
		95740BFC2AE2CBCC00716D64 /* Base */ = {isa = PBXFileReference; lastKnownFileType = file.storyboard; name = Base; path = Base.lproj/Main.storyboard; sourceTree = "<group>"; };
		95740BFE2AE2CBD300716D64 /* Assets.xcassets */ = {isa = PBXFileReference; lastKnownFileType = folder.assetcatalog; path = Assets.xcassets; sourceTree = "<group>"; };
		95740C012AE2CBD300716D64 /* Base */ = {isa = PBXFileReference; lastKnownFileType = file.storyboard; name = Base; path = Base.lproj/LaunchScreen.storyboard; sourceTree = "<group>"; };
		95740C032AE2CBD300716D64 /* Info.plist */ = {isa = PBXFileReference; lastKnownFileType = text.plist.xml; path = Info.plist; sourceTree = "<group>"; };
		95754B8B2B25A14300406056 /* SingleImageViewController.swift */ = {isa = PBXFileReference; lastKnownFileType = sourcecode.swift; path = SingleImageViewController.swift; sourceTree = "<group>"; };
		957683812B1E2AB4000729C6 /* ProfileViewController.swift */ = {isa = PBXFileReference; lastKnownFileType = sourcecode.swift; path = ProfileViewController.swift; sourceTree = "<group>"; };
		9581DCEF2B1B85EA0050B1D5 /* ImagesListCell.swift */ = {isa = PBXFileReference; lastKnownFileType = sourcecode.swift; path = ImagesListCell.swift; sourceTree = "<group>"; };
		958210E32B3712A500101960 /* ImagesListService.swift */ = {isa = PBXFileReference; lastKnownFileType = sourcecode.swift; path = ImagesListService.swift; sourceTree = "<group>"; };
		958210E92B3720C800101960 /* image_feedTests.xctest */ = {isa = PBXFileReference; explicitFileType = wrapper.cfbundle; includeInIndex = 0; path = image_feedTests.xctest; sourceTree = BUILT_PRODUCTS_DIR; };
		958210EB2B3720C800101960 /* ImagesListServiceTests.swift */ = {isa = PBXFileReference; lastKnownFileType = sourcecode.swift; path = ImagesListServiceTests.swift; sourceTree = "<group>"; };
/* End PBXFileReference section */

/* Begin PBXFrameworksBuildPhase section */
		95740BEF2AE2CBCB00716D64 /* Frameworks */ = {
			isa = PBXFrameworksBuildPhase;
			buildActionMask = 2147483647;
			files = (
				9509AE632B312BF7007AAD00 /* Kingfisher in Frameworks */,
				9509AE582B30DAD7007AAD00 /* ProgressHUD in Frameworks */,
				9509AE662B3135A5007AAD00 /* SwiftKeychainWrapper in Frameworks */,
			);
			runOnlyForDeploymentPostprocessing = 0;
		};
		958210E62B3720C800101960 /* Frameworks */ = {
			isa = PBXFrameworksBuildPhase;
			buildActionMask = 2147483647;
			files = (
			);
			runOnlyForDeploymentPostprocessing = 0;
		};
/* End PBXFrameworksBuildPhase section */

/* Begin PBXGroup section */
		952513D12B2BBEE800FDDF9F /* Auth */ = {
			isa = PBXGroup;
			children = (
				952513CF2B2BBEAA00FDDF9F /* AuthViewController.swift */,
				952513D22B2BC12400FDDF9F /* WebViewViewController.swift */,
				952513D42B2BDD4100FDDF9F /* OAuth2Service.swift */,
				952513D92B2BE3D800FDDF9F /* OAuth2TokenStorage.swift */,
				952513DB2B2BEE5800FDDF9F /* OAuthTokenResponseBody.swift */,
			);
			path = Auth;
			sourceTree = "<group>";
		};
		952513D62B2BE21500FDDF9F /* SplashViewController */ = {
			isa = PBXGroup;
			children = (
				952513D72B2BE23000FDDF9F /* SplashViewController.swift */,
				9509AE5F2B3115B6007AAD00 /* AlertPresenter.swift */,
			);
			path = SplashViewController;
			sourceTree = "<group>";
		};
		95740BE92AE2CBCB00716D64 = {
			isa = PBXGroup;
			children = (
				95740BF42AE2CBCC00716D64 /* image_feed */,
				958210EA2B3720C800101960 /* image_feedTests */,
				95740BF32AE2CBCC00716D64 /* Products */,
			);
			sourceTree = "<group>";
		};
		95740BF32AE2CBCC00716D64 /* Products */ = {
			isa = PBXGroup;
			children = (
				95740BF22AE2CBCC00716D64 /* image_feed.app */,
				958210E92B3720C800101960 /* image_feedTests.xctest */,
			);
			name = Products;
			sourceTree = "<group>";
		};
		95740BF42AE2CBCC00716D64 /* image_feed */ = {
			isa = PBXGroup;
			children = (
				952513D62B2BE21500FDDF9F /* SplashViewController */,
				95754B8D2B25C9C500406056 /* SingleImageView */,
				957683832B1E4473000729C6 /* Profile */,
				952513D12B2BBEE800FDDF9F /* Auth */,
				9581DCF12B1B862B0050B1D5 /* ImagesList */,
				9581DCC22B1B7F190050B1D5 /* Resources */,
				95740BF52AE2CBCC00716D64 /* AppDelegate.swift */,
				95740BF72AE2CBCC00716D64 /* SceneDelegate.swift */,
				95740BFB2AE2CBCC00716D64 /* Main.storyboard */,
				95740BFE2AE2CBD300716D64 /* Assets.xcassets */,
				95740C002AE2CBD300716D64 /* LaunchScreen.storyboard */,
				95740C032AE2CBD300716D64 /* Info.plist */,
				952513CD2B2BB59900FDDF9F /* Constants.swift */,
				9509AE592B30EF2B007AAD00 /* UIBlockingProgressHUD.swift */,
			);
			path = image_feed;
			sourceTree = "<group>";
		};
		95754B8D2B25C9C500406056 /* SingleImageView */ = {
			isa = PBXGroup;
			children = (
				95754B8B2B25A14300406056 /* SingleImageViewController.swift */,
			);
			path = SingleImageView;
			sourceTree = "<group>";
		};
		957683832B1E4473000729C6 /* Profile */ = {
			isa = PBXGroup;
			children = (
				957683812B1E2AB4000729C6 /* ProfileViewController.swift */,
				9509AE5B2B30F0CF007AAD00 /* ProfileService.swift */,
				9509AE5D2B310316007AAD00 /* ProfileImageService.swift */,
			);
			path = Profile;
			sourceTree = "<group>";
		};
		9581DCC22B1B7F190050B1D5 /* Resources */ = {
			isa = PBXGroup;
			children = (
			);
			path = Resources;
			sourceTree = "<group>";
		};
		9581DCF12B1B862B0050B1D5 /* ImagesList */ = {
			isa = PBXGroup;
			children = (
				9581DCEF2B1B85EA0050B1D5 /* ImagesListCell.swift */,
				95740BF92AE2CBCC00716D64 /* ImagesListViewController.swift */,
				958210E32B3712A500101960 /* ImagesListService.swift */,
			);
			path = ImagesList;
			sourceTree = "<group>";
		};
		958210EA2B3720C800101960 /* image_feedTests */ = {
			isa = PBXGroup;
			children = (
				958210EB2B3720C800101960 /* ImagesListServiceTests.swift */,
			);
			path = image_feedTests;
			sourceTree = "<group>";
		};
/* End PBXGroup section */

/* Begin PBXNativeTarget section */
		95740BF12AE2CBCB00716D64 /* image_feed */ = {
			isa = PBXNativeTarget;
			buildConfigurationList = 95740C062AE2CBD300716D64 /* Build configuration list for PBXNativeTarget "image_feed" */;
			buildPhases = (
				95740BEE2AE2CBCB00716D64 /* Sources */,
				95740BEF2AE2CBCB00716D64 /* Frameworks */,
				95740BF02AE2CBCB00716D64 /* Resources */,
			);
			buildRules = (
			);
			dependencies = (
			);
			name = image_feed;
			packageProductDependencies = (
				9509AE572B30DAD7007AAD00 /* ProgressHUD */,
				9509AE622B312BF7007AAD00 /* Kingfisher */,
				9509AE652B3135A5007AAD00 /* SwiftKeychainWrapper */,
			);
			productName = image_feed;
			productReference = 95740BF22AE2CBCC00716D64 /* image_feed.app */;
			productType = "com.apple.product-type.application";
		};
		958210E82B3720C800101960 /* image_feedTests */ = {
			isa = PBXNativeTarget;
			buildConfigurationList = 958210EF2B3720C800101960 /* Build configuration list for PBXNativeTarget "image_feedTests" */;
			buildPhases = (
				958210E52B3720C800101960 /* Sources */,
				958210E62B3720C800101960 /* Frameworks */,
				958210E72B3720C800101960 /* Resources */,
			);
			buildRules = (
			);
			dependencies = (
				958210EE2B3720C800101960 /* PBXTargetDependency */,
			);
			name = image_feedTests;
			productName = image_feedTests;
			productReference = 958210E92B3720C800101960 /* image_feedTests.xctest */;
			productType = "com.apple.product-type.bundle.unit-test";
		};
/* End PBXNativeTarget section */

/* Begin PBXProject section */
		95740BEA2AE2CBCB00716D64 /* Project object */ = {
			isa = PBXProject;
			attributes = {
				BuildIndependentTargetsInParallel = 1;
				LastSwiftUpdateCheck = 1400;
				LastUpgradeCheck = 1400;
				TargetAttributes = {
					95740BF12AE2CBCB00716D64 = {
						CreatedOnToolsVersion = 14.0;
					};
					958210E82B3720C800101960 = {
						CreatedOnToolsVersion = 14.0;
						TestTargetID = 95740BF12AE2CBCB00716D64;
					};
				};
			};
			buildConfigurationList = 95740BED2AE2CBCB00716D64 /* Build configuration list for PBXProject "image_feed" */;
			compatibilityVersion = "Xcode 14.0";
			developmentRegion = en;
			hasScannedForEncodings = 0;
			knownRegions = (
				en,
				Base,
			);
			mainGroup = 95740BE92AE2CBCB00716D64;
			packageReferences = (
				9509AE562B30DAD7007AAD00 /* XCRemoteSwiftPackageReference "ProgressHUD" */,
				9509AE612B312BF7007AAD00 /* XCRemoteSwiftPackageReference "Kingfisher" */,
				9509AE642B3135A5007AAD00 /* XCRemoteSwiftPackageReference "SwiftKeychainWrapper" */,
			);
			productRefGroup = 95740BF32AE2CBCC00716D64 /* Products */;
			projectDirPath = "";
			projectRoot = "";
			targets = (
				95740BF12AE2CBCB00716D64 /* image_feed */,
				958210E82B3720C800101960 /* image_feedTests */,
			);
		};
/* End PBXProject section */

/* Begin PBXResourcesBuildPhase section */
		95740BF02AE2CBCB00716D64 /* Resources */ = {
			isa = PBXResourcesBuildPhase;
			buildActionMask = 2147483647;
			files = (
				95740C022AE2CBD300716D64 /* LaunchScreen.storyboard in Resources */,
				95740BFF2AE2CBD300716D64 /* Assets.xcassets in Resources */,
				95740BFD2AE2CBCC00716D64 /* Main.storyboard in Resources */,
			);
			runOnlyForDeploymentPostprocessing = 0;
		};
		958210E72B3720C800101960 /* Resources */ = {
			isa = PBXResourcesBuildPhase;
			buildActionMask = 2147483647;
			files = (
			);
			runOnlyForDeploymentPostprocessing = 0;
		};
/* End PBXResourcesBuildPhase section */

/* Begin PBXSourcesBuildPhase section */
		95740BEE2AE2CBCB00716D64 /* Sources */ = {
			isa = PBXSourcesBuildPhase;
			buildActionMask = 2147483647;
			files = (
				952513DA2B2BE3D800FDDF9F /* OAuth2TokenStorage.swift in Sources */,
				95740BFA2AE2CBCC00716D64 /* ImagesListViewController.swift in Sources */,
				9581DCF02B1B85EA0050B1D5 /* ImagesListCell.swift in Sources */,
				957683822B1E2AB4000729C6 /* ProfileViewController.swift in Sources */,
				95740BF62AE2CBCC00716D64 /* AppDelegate.swift in Sources */,
				952513DC2B2BEE5800FDDF9F /* OAuthTokenResponseBody.swift in Sources */,
				952513D02B2BBEAA00FDDF9F /* AuthViewController.swift in Sources */,
				952513CE2B2BB59900FDDF9F /* Constants.swift in Sources */,
				952513D32B2BC12400FDDF9F /* WebViewViewController.swift in Sources */,
				9509AE5E2B310316007AAD00 /* ProfileImageService.swift in Sources */,
				95754B8C2B25A14300406056 /* SingleImageViewController.swift in Sources */,
				9509AE602B3115B6007AAD00 /* AlertPresenter.swift in Sources */,
				952513D52B2BDD4100FDDF9F /* OAuth2Service.swift in Sources */,
				958210E42B3712A500101960 /* ImagesListService.swift in Sources */,
				95740BF82AE2CBCC00716D64 /* SceneDelegate.swift in Sources */,
				9509AE5C2B30F0CF007AAD00 /* ProfileService.swift in Sources */,
				952513D82B2BE23000FDDF9F /* SplashViewController.swift in Sources */,
				9509AE5A2B30EF2B007AAD00 /* UIBlockingProgressHUD.swift in Sources */,
			);
			runOnlyForDeploymentPostprocessing = 0;
		};
		958210E52B3720C800101960 /* Sources */ = {
			isa = PBXSourcesBuildPhase;
			buildActionMask = 2147483647;
			files = (
				958210EC2B3720C800101960 /* ImagesListServiceTests.swift in Sources */,
			);
			runOnlyForDeploymentPostprocessing = 0;
		};
/* End PBXSourcesBuildPhase section */

/* Begin PBXTargetDependency section */
		958210EE2B3720C800101960 /* PBXTargetDependency */ = {
			isa = PBXTargetDependency;
			target = 95740BF12AE2CBCB00716D64 /* image_feed */;
			targetProxy = 958210ED2B3720C800101960 /* PBXContainerItemProxy */;
		};
/* End PBXTargetDependency section */

/* Begin PBXVariantGroup section */
		95740BFB2AE2CBCC00716D64 /* Main.storyboard */ = {
			isa = PBXVariantGroup;
			children = (
				95740BFC2AE2CBCC00716D64 /* Base */,
			);
			name = Main.storyboard;
			sourceTree = "<group>";
		};
		95740C002AE2CBD300716D64 /* LaunchScreen.storyboard */ = {
			isa = PBXVariantGroup;
			children = (
				95740C012AE2CBD300716D64 /* Base */,
			);
			name = LaunchScreen.storyboard;
			sourceTree = "<group>";
		};
/* End PBXVariantGroup section */

/* Begin XCBuildConfiguration section */
		95740C042AE2CBD300716D64 /* Debug */ = {
			isa = XCBuildConfiguration;
			buildSettings = {
				ALWAYS_SEARCH_USER_PATHS = NO;
				CLANG_ANALYZER_NONNULL = YES;
				CLANG_ANALYZER_NUMBER_OBJECT_CONVERSION = YES_AGGRESSIVE;
				CLANG_CXX_LANGUAGE_STANDARD = "gnu++20";
				CLANG_ENABLE_MODULES = YES;
				CLANG_ENABLE_OBJC_ARC = YES;
				CLANG_ENABLE_OBJC_WEAK = YES;
				CLANG_WARN_BLOCK_CAPTURE_AUTORELEASING = YES;
				CLANG_WARN_BOOL_CONVERSION = YES;
				CLANG_WARN_COMMA = YES;
				CLANG_WARN_CONSTANT_CONVERSION = YES;
				CLANG_WARN_DEPRECATED_OBJC_IMPLEMENTATIONS = YES;
				CLANG_WARN_DIRECT_OBJC_ISA_USAGE = YES_ERROR;
				CLANG_WARN_DOCUMENTATION_COMMENTS = YES;
				CLANG_WARN_EMPTY_BODY = YES;
				CLANG_WARN_ENUM_CONVERSION = YES;
				CLANG_WARN_INFINITE_RECURSION = YES;
				CLANG_WARN_INT_CONVERSION = YES;
				CLANG_WARN_NON_LITERAL_NULL_CONVERSION = YES;
				CLANG_WARN_OBJC_IMPLICIT_RETAIN_SELF = YES;
				CLANG_WARN_OBJC_LITERAL_CONVERSION = YES;
				CLANG_WARN_OBJC_ROOT_CLASS = YES_ERROR;
				CLANG_WARN_QUOTED_INCLUDE_IN_FRAMEWORK_HEADER = YES;
				CLANG_WARN_RANGE_LOOP_ANALYSIS = YES;
				CLANG_WARN_STRICT_PROTOTYPES = YES;
				CLANG_WARN_SUSPICIOUS_MOVE = YES;
				CLANG_WARN_UNGUARDED_AVAILABILITY = YES_AGGRESSIVE;
				CLANG_WARN_UNREACHABLE_CODE = YES;
				CLANG_WARN__DUPLICATE_METHOD_MATCH = YES;
				COPY_PHASE_STRIP = NO;
				DEBUG_INFORMATION_FORMAT = dwarf;
				ENABLE_STRICT_OBJC_MSGSEND = YES;
				ENABLE_TESTABILITY = YES;
				GCC_C_LANGUAGE_STANDARD = gnu11;
				GCC_DYNAMIC_NO_PIC = NO;
				GCC_NO_COMMON_BLOCKS = YES;
				GCC_OPTIMIZATION_LEVEL = 0;
				GCC_PREPROCESSOR_DEFINITIONS = (
					"DEBUG=1",
					"$(inherited)",
				);
				GCC_WARN_64_TO_32_BIT_CONVERSION = YES;
				GCC_WARN_ABOUT_RETURN_TYPE = YES_ERROR;
				GCC_WARN_UNDECLARED_SELECTOR = YES;
				GCC_WARN_UNINITIALIZED_AUTOS = YES_AGGRESSIVE;
				GCC_WARN_UNUSED_FUNCTION = YES;
				GCC_WARN_UNUSED_VARIABLE = YES;
				IPHONEOS_DEPLOYMENT_TARGET = 16.0;
				MTL_ENABLE_DEBUG_INFO = INCLUDE_SOURCE;
				MTL_FAST_MATH = YES;
				ONLY_ACTIVE_ARCH = YES;
				SDKROOT = iphoneos;
				SWIFT_ACTIVE_COMPILATION_CONDITIONS = DEBUG;
				SWIFT_OPTIMIZATION_LEVEL = "-Onone";
			};
			name = Debug;
		};
		95740C052AE2CBD300716D64 /* Release */ = {
			isa = XCBuildConfiguration;
			buildSettings = {
				ALWAYS_SEARCH_USER_PATHS = NO;
				CLANG_ANALYZER_NONNULL = YES;
				CLANG_ANALYZER_NUMBER_OBJECT_CONVERSION = YES_AGGRESSIVE;
				CLANG_CXX_LANGUAGE_STANDARD = "gnu++20";
				CLANG_ENABLE_MODULES = YES;
				CLANG_ENABLE_OBJC_ARC = YES;
				CLANG_ENABLE_OBJC_WEAK = YES;
				CLANG_WARN_BLOCK_CAPTURE_AUTORELEASING = YES;
				CLANG_WARN_BOOL_CONVERSION = YES;
				CLANG_WARN_COMMA = YES;
				CLANG_WARN_CONSTANT_CONVERSION = YES;
				CLANG_WARN_DEPRECATED_OBJC_IMPLEMENTATIONS = YES;
				CLANG_WARN_DIRECT_OBJC_ISA_USAGE = YES_ERROR;
				CLANG_WARN_DOCUMENTATION_COMMENTS = YES;
				CLANG_WARN_EMPTY_BODY = YES;
				CLANG_WARN_ENUM_CONVERSION = YES;
				CLANG_WARN_INFINITE_RECURSION = YES;
				CLANG_WARN_INT_CONVERSION = YES;
				CLANG_WARN_NON_LITERAL_NULL_CONVERSION = YES;
				CLANG_WARN_OBJC_IMPLICIT_RETAIN_SELF = YES;
				CLANG_WARN_OBJC_LITERAL_CONVERSION = YES;
				CLANG_WARN_OBJC_ROOT_CLASS = YES_ERROR;
				CLANG_WARN_QUOTED_INCLUDE_IN_FRAMEWORK_HEADER = YES;
				CLANG_WARN_RANGE_LOOP_ANALYSIS = YES;
				CLANG_WARN_STRICT_PROTOTYPES = YES;
				CLANG_WARN_SUSPICIOUS_MOVE = YES;
				CLANG_WARN_UNGUARDED_AVAILABILITY = YES_AGGRESSIVE;
				CLANG_WARN_UNREACHABLE_CODE = YES;
				CLANG_WARN__DUPLICATE_METHOD_MATCH = YES;
				COPY_PHASE_STRIP = NO;
				DEBUG_INFORMATION_FORMAT = "dwarf-with-dsym";
				ENABLE_NS_ASSERTIONS = NO;
				ENABLE_STRICT_OBJC_MSGSEND = YES;
				GCC_C_LANGUAGE_STANDARD = gnu11;
				GCC_NO_COMMON_BLOCKS = YES;
				GCC_WARN_64_TO_32_BIT_CONVERSION = YES;
				GCC_WARN_ABOUT_RETURN_TYPE = YES_ERROR;
				GCC_WARN_UNDECLARED_SELECTOR = YES;
				GCC_WARN_UNINITIALIZED_AUTOS = YES_AGGRESSIVE;
				GCC_WARN_UNUSED_FUNCTION = YES;
				GCC_WARN_UNUSED_VARIABLE = YES;
				IPHONEOS_DEPLOYMENT_TARGET = 16.0;
				MTL_ENABLE_DEBUG_INFO = NO;
				MTL_FAST_MATH = YES;
				SDKROOT = iphoneos;
				SWIFT_COMPILATION_MODE = wholemodule;
				SWIFT_OPTIMIZATION_LEVEL = "-O";
				VALIDATE_PRODUCT = YES;
			};
			name = Release;
		};
		95740C072AE2CBD300716D64 /* Debug */ = {
			isa = XCBuildConfiguration;
			buildSettings = {
				ASSETCATALOG_COMPILER_APPICON_NAME = AppIcon;
				ASSETCATALOG_COMPILER_GLOBAL_ACCENT_COLOR_NAME = AccentColor;
				CODE_SIGN_STYLE = Automatic;
				CURRENT_PROJECT_VERSION = 1;
				DEVELOPMENT_TEAM = FL55UP585J;
				GENERATE_INFOPLIST_FILE = YES;
				INFOPLIST_FILE = image_feed/Info.plist;
				INFOPLIST_KEY_UIApplicationSupportsIndirectInputEvents = YES;
				INFOPLIST_KEY_UILaunchStoryboardName = LaunchScreen;
				INFOPLIST_KEY_UIMainStoryboardFile = Main;
				INFOPLIST_KEY_UISupportedInterfaceOrientations = UIInterfaceOrientationPortrait;
				INFOPLIST_KEY_UISupportedInterfaceOrientations_iPad = "UIInterfaceOrientationLandscapeLeft UIInterfaceOrientationLandscapeRight UIInterfaceOrientationPortrait";
				IPHONEOS_DEPLOYMENT_TARGET = 13.0;
				LD_RUNPATH_SEARCH_PATHS = (
					"$(inherited)",
					"@executable_path/Frameworks",
				);
				MARKETING_VERSION = 1.0;
				PRODUCT_BUNDLE_IDENTIFIER = "ru.yandex.practicum.image-feed";
				PRODUCT_NAME = "$(TARGET_NAME)";
				SUPPORTED_PLATFORMS = "iphoneos iphonesimulator";
				SUPPORTS_MACCATALYST = NO;
				SUPPORTS_MAC_DESIGNED_FOR_IPHONE_IPAD = YES;
				SWIFT_EMIT_LOC_STRINGS = YES;
				SWIFT_VERSION = 5.0;
				TARGETED_DEVICE_FAMILY = 1;
			};
			name = Debug;
		};
		95740C082AE2CBD300716D64 /* Release */ = {
			isa = XCBuildConfiguration;
			buildSettings = {
				ASSETCATALOG_COMPILER_APPICON_NAME = AppIcon;
				ASSETCATALOG_COMPILER_GLOBAL_ACCENT_COLOR_NAME = AccentColor;
				CODE_SIGN_STYLE = Automatic;
				CURRENT_PROJECT_VERSION = 1;
				DEVELOPMENT_TEAM = FL55UP585J;
				GENERATE_INFOPLIST_FILE = YES;
				INFOPLIST_FILE = image_feed/Info.plist;
				INFOPLIST_KEY_UIApplicationSupportsIndirectInputEvents = YES;
				INFOPLIST_KEY_UILaunchStoryboardName = LaunchScreen;
				INFOPLIST_KEY_UIMainStoryboardFile = Main;
				INFOPLIST_KEY_UISupportedInterfaceOrientations = UIInterfaceOrientationPortrait;
				INFOPLIST_KEY_UISupportedInterfaceOrientations_iPad = "UIInterfaceOrientationLandscapeLeft UIInterfaceOrientationLandscapeRight UIInterfaceOrientationPortrait";
				IPHONEOS_DEPLOYMENT_TARGET = 13.0;
				LD_RUNPATH_SEARCH_PATHS = (
					"$(inherited)",
					"@executable_path/Frameworks",
				);
				MARKETING_VERSION = 1.0;
				PRODUCT_BUNDLE_IDENTIFIER = "ru.yandex.practicum.image-feed";
				PRODUCT_NAME = "$(TARGET_NAME)";
				SUPPORTED_PLATFORMS = "iphoneos iphonesimulator";
				SUPPORTS_MACCATALYST = NO;
				SUPPORTS_MAC_DESIGNED_FOR_IPHONE_IPAD = YES;
				SWIFT_EMIT_LOC_STRINGS = YES;
				SWIFT_VERSION = 5.0;
				TARGETED_DEVICE_FAMILY = 1;
			};
			name = Release;
		};
		958210F02B3720C800101960 /* Debug */ = {
			isa = XCBuildConfiguration;
			buildSettings = {
				BUNDLE_LOADER = "$(TEST_HOST)";
				CODE_SIGN_STYLE = Automatic;
				CURRENT_PROJECT_VERSION = 1;
				DEVELOPMENT_TEAM = FL55UP585J;
				GENERATE_INFOPLIST_FILE = YES;
				IPHONEOS_DEPLOYMENT_TARGET = 15.0;
				MARKETING_VERSION = 1.0;
				PRODUCT_BUNDLE_IDENTIFIER = "ru.yandex.practicum.image-feedTests";
				PRODUCT_NAME = "$(TARGET_NAME)";
				SWIFT_EMIT_LOC_STRINGS = NO;
				SWIFT_VERSION = 5.0;
				TARGETED_DEVICE_FAMILY = "1,2";
				TEST_HOST = "$(BUILT_PRODUCTS_DIR)/image_feed.app/$(BUNDLE_EXECUTABLE_FOLDER_PATH)/image_feed";
			};
			name = Debug;
		};
		958210F12B3720C800101960 /* Release */ = {
			isa = XCBuildConfiguration;
			buildSettings = {
				BUNDLE_LOADER = "$(TEST_HOST)";
				CODE_SIGN_STYLE = Automatic;
				CURRENT_PROJECT_VERSION = 1;
				DEVELOPMENT_TEAM = FL55UP585J;
				GENERATE_INFOPLIST_FILE = YES;
				IPHONEOS_DEPLOYMENT_TARGET = 15.0;
				MARKETING_VERSION = 1.0;
				PRODUCT_BUNDLE_IDENTIFIER = "ru.yandex.practicum.image-feedTests";
				PRODUCT_NAME = "$(TARGET_NAME)";
				SWIFT_EMIT_LOC_STRINGS = NO;
				SWIFT_VERSION = 5.0;
				TARGETED_DEVICE_FAMILY = "1,2";
				TEST_HOST = "$(BUILT_PRODUCTS_DIR)/image_feed.app/$(BUNDLE_EXECUTABLE_FOLDER_PATH)/image_feed";
			};
			name = Release;
		};
/* End XCBuildConfiguration section */

/* Begin XCConfigurationList section */
		95740BED2AE2CBCB00716D64 /* Build configuration list for PBXProject "image_feed" */ = {
			isa = XCConfigurationList;
			buildConfigurations = (
				95740C042AE2CBD300716D64 /* Debug */,
				95740C052AE2CBD300716D64 /* Release */,
			);
			defaultConfigurationIsVisible = 0;
			defaultConfigurationName = Release;
		};
		95740C062AE2CBD300716D64 /* Build configuration list for PBXNativeTarget "image_feed" */ = {
			isa = XCConfigurationList;
			buildConfigurations = (
				95740C072AE2CBD300716D64 /* Debug */,
				95740C082AE2CBD300716D64 /* Release */,
			);
			defaultConfigurationIsVisible = 0;
			defaultConfigurationName = Release;
		};
		958210EF2B3720C800101960 /* Build configuration list for PBXNativeTarget "image_feedTests" */ = {
			isa = XCConfigurationList;
			buildConfigurations = (
				958210F02B3720C800101960 /* Debug */,
				958210F12B3720C800101960 /* Release */,
			);
			defaultConfigurationIsVisible = 0;
			defaultConfigurationName = Release;
		};
/* End XCConfigurationList section */

/* Begin XCRemoteSwiftPackageReference section */
		9509AE562B30DAD7007AAD00 /* XCRemoteSwiftPackageReference "ProgressHUD" */ = {
			isa = XCRemoteSwiftPackageReference;
			repositoryURL = "https://github.com/relatedcode/ProgressHUD";
			requirement = {
				kind = exactVersion;
				version = 13.6.1;
			};
		};
		9509AE612B312BF7007AAD00 /* XCRemoteSwiftPackageReference "Kingfisher" */ = {
			isa = XCRemoteSwiftPackageReference;
			repositoryURL = "https://github.com/onevcat/Kingfisher";
			requirement = {
				kind = upToNextMinorVersion;
				minimumVersion = 7.6.2;
			};
		};
		9509AE642B3135A5007AAD00 /* XCRemoteSwiftPackageReference "SwiftKeychainWrapper" */ = {
			isa = XCRemoteSwiftPackageReference;
			repositoryURL = "https://github.com/jrendel/SwiftKeychainWrapper";
			requirement = {
				kind = upToNextMajorVersion;
				minimumVersion = 4.0.0;
			};
		};
/* End XCRemoteSwiftPackageReference section */

/* Begin XCSwiftPackageProductDependency section */
		9509AE572B30DAD7007AAD00 /* ProgressHUD */ = {
			isa = XCSwiftPackageProductDependency;
			package = 9509AE562B30DAD7007AAD00 /* XCRemoteSwiftPackageReference "ProgressHUD" */;
			productName = ProgressHUD;
		};
		9509AE622B312BF7007AAD00 /* Kingfisher */ = {
			isa = XCSwiftPackageProductDependency;
			package = 9509AE612B312BF7007AAD00 /* XCRemoteSwiftPackageReference "Kingfisher" */;
			productName = Kingfisher;
		};
		9509AE652B3135A5007AAD00 /* SwiftKeychainWrapper */ = {
			isa = XCSwiftPackageProductDependency;
			package = 9509AE642B3135A5007AAD00 /* XCRemoteSwiftPackageReference "SwiftKeychainWrapper" */;
			productName = SwiftKeychainWrapper;
		};
/* End XCSwiftPackageProductDependency section */
	};
	rootObject = 95740BEA2AE2CBCB00716D64 /* Project object */;
}
